
Microsoft Visual Studio Solution File, Format Version 12.00
# Visual Studio Version 16
VisualStudioVersion = 16.0.30503.244
MinimumVisualStudioVersion = 10.0.40219.1
Project("{FAE04EC0-301F-11D3-BF4B-00C04F79EFBC}") = "LoginForm", "LoginForm\LoginForm.csproj", "{0F61BAA7-ABD0-45A4-B782-7FD5325381BD}"
EndProject
Global
	GlobalSection(SolutionConfigurationPlatforms) = preSolution
		Debug|Any CPU = Debug|Any CPU
		Release|Any CPU = Release|Any CPU
	EndGlobalSection
	GlobalSection(ProjectConfigurationPlatforms) = postSolution
		{0F61BAA7-ABD0-45A4-B782-7FD5325381BD}.Debug|Any CPU.ActiveCfg = Debug|Any CPU
		{0F61BAA7-ABD0-45A4-B782-7FD5325381BD}.Debug|Any CPU.Build.0 = Debug|Any CPU
		{0F61BAA7-ABD0-45A4-B782-7FD5325381BD}.Release|Any CPU.ActiveCfg = Release|Any CPU
		{0F61BAA7-ABD0-45A4-B782-7FD5325381BD}.Release|Any CPU.Build.0 = Release|Any CPU
	EndGlobalSection
	GlobalSection(SolutionProperties) = preSolution
		HideSolutionNode = FALSE
	EndGlobalSection
	GlobalSection(ExtensibilityGlobals) = postSolution
		SolutionGuid = {F368082B-6A24-4432-9B08-2FF349E8441E}
	EndGlobalSection
EndGlobal
